
Microsoft Visual Studio Solution File, Format Version 12.00
# Visual Studio 14
VisualStudioVersion = 14.0.23107.0
MinimumVisualStudioVersion = 10.0.40219.1
Project("{FAE04EC0-301F-11D3-BF4B-00C04F79EFBC}") = "SGBank.UI", "SGBank.UI\SGBank.UI.csproj", "{9E19A32E-180A-4B4D-8D51-5B7D64FBBD3C}"
EndProject
Project("{FAE04EC0-301F-11D3-BF4B-00C04F79EFBC}") = "SGBank.BLL", "SGBank.BLL\SGBank.BLL.csproj", "{370E5AF2-53A1-43F5-9495-3326451EAFD8}"
EndProject
Project("{FAE04EC0-301F-11D3-BF4B-00C04F79EFBC}") = "SGBank.Data", "SGBank.Data\SGBank.Data.csproj", "{ABF81863-C2D6-4AAC-AC26-2CAD172214E9}"
EndProject
Project("{FAE04EC0-301F-11D3-BF4B-00C04F79EFBC}") = "SGBank.Models", "SGBank.Models\SGBank.Models.csproj", "{B1F71C9E-A030-403E-887D-5C9BA5B501C5}"
EndProject
Project("{FAE04EC0-301F-11D3-BF4B-00C04F79EFBC}") = "SGBank.Tests", "SGBank.Tests\SGBank.Tests.csproj", "{7E946870-9331-46F3-9239-E3B8CE6F03D5}"
EndProject
Global
	GlobalSection(SolutionConfigurationPlatforms) = preSolution
		Debug|Any CPU = Debug|Any CPU
		Release|Any CPU = Release|Any CPU
	EndGlobalSection
	GlobalSection(ProjectConfigurationPlatforms) = postSolution
		{9E19A32E-180A-4B4D-8D51-5B7D64FBBD3C}.Debug|Any CPU.ActiveCfg = Debug|Any CPU
		{9E19A32E-180A-4B4D-8D51-5B7D64FBBD3C}.Debug|Any CPU.Build.0 = Debug|Any CPU
		{9E19A32E-180A-4B4D-8D51-5B7D64FBBD3C}.Release|Any CPU.ActiveCfg = Release|Any CPU
		{9E19A32E-180A-4B4D-8D51-5B7D64FBBD3C}.Release|Any CPU.Build.0 = Release|Any CPU
		{370E5AF2-53A1-43F5-9495-3326451EAFD8}.Debug|Any CPU.ActiveCfg = Debug|Any CPU
		{370E5AF2-53A1-43F5-9495-3326451EAFD8}.Debug|Any CPU.Build.0 = Debug|Any CPU
		{370E5AF2-53A1-43F5-9495-3326451EAFD8}.Release|Any CPU.ActiveCfg = Release|Any CPU
		{370E5AF2-53A1-43F5-9495-3326451EAFD8}.Release|Any CPU.Build.0 = Release|Any CPU
		{ABF81863-C2D6-4AAC-AC26-2CAD172214E9}.Debug|Any CPU.ActiveCfg = Debug|Any CPU
		{ABF81863-C2D6-4AAC-AC26-2CAD172214E9}.Debug|Any CPU.Build.0 = Debug|Any CPU
		{ABF81863-C2D6-4AAC-AC26-2CAD172214E9}.Release|Any CPU.ActiveCfg = Release|Any CPU
		{ABF81863-C2D6-4AAC-AC26-2CAD172214E9}.Release|Any CPU.Build.0 = Release|Any CPU
		{B1F71C9E-A030-403E-887D-5C9BA5B501C5}.Debug|Any CPU.ActiveCfg = Debug|Any CPU
		{B1F71C9E-A030-403E-887D-5C9BA5B501C5}.Debug|Any CPU.Build.0 = Debug|Any CPU
		{B1F71C9E-A030-403E-887D-5C9BA5B501C5}.Release|Any CPU.ActiveCfg = Release|Any CPU
		{B1F71C9E-A030-403E-887D-5C9BA5B501C5}.Release|Any CPU.Build.0 = Release|Any CPU
		{7E946870-9331-46F3-9239-E3B8CE6F03D5}.Debug|Any CPU.ActiveCfg = Debug|Any CPU
		{7E946870-9331-46F3-9239-E3B8CE6F03D5}.Debug|Any CPU.Build.0 = Debug|Any CPU
		{7E946870-9331-46F3-9239-E3B8CE6F03D5}.Release|Any CPU.ActiveCfg = Release|Any CPU
		{7E946870-9331-46F3-9239-E3B8CE6F03D5}.Release|Any CPU.Build.0 = Release|Any CPU
	EndGlobalSection
	GlobalSection(SolutionProperties) = preSolution
		HideSolutionNode = FALSE
	EndGlobalSection
EndGlobal
